<?xml version="1.0" encoding="utf-8"?>
<Project ToolsVersion="4.0" xmlns="http://schemas.microsoft.com/developer/msbuild/2003">
  <ItemGroup>
    <Filter Include="Resource Files">
      <UniqueIdentifier>{67DA6AB6-F800-4c08-8B7A-83BB121AAD01}</UniqueIdentifier>
      <Extensions>rc;ico;cur;bmp;dlg;rc2;rct;bin;rgs;gif;jpg;jpeg;jpe;resx;tiff;tif;png;wav;mfcribbon-ms</Extensions>
    </Filter>
    <Filter Include="Game Files">
      <UniqueIdentifier>{93995380-89BD-4b04-88EB-625FBE52EBFB}</UniqueIdentifier>
      <Extensions>h;hh;hpp;hxx;h++;hm;inl;inc;ipp;xsd</Extensions>
    </Filter>
    <Filter Include="Game Files\GameObjects">
      <UniqueIdentifier>{02c08568-e8b0-409d-849f-cc289381746a}</UniqueIdentifier>
    </Filter>
    <Filter Include="Game Files\GameObjects\Units">
      <UniqueIdentifier>{82f8340d-2bfb-40d9-985a-6a5bcd57da62}</UniqueIdentifier>
    </Filter>
    <Filter Include="Framework Files">
      <UniqueIdentifier>{4FC737F1-C7A5-4376-A066-2A32D752A2FF}</UniqueIdentifier>
      <Extensions>cpp;c;cc;cxx;c++;cppm;ixx;def;odl;idl;hpj;bat;asm;asmx</Extensions>
    </Filter>
    <Filter Include="Game Files\Misc">
      <UniqueIdentifier>{a65c87be-9e29-4d10-84c4-bfb8a16f6557}</UniqueIdentifier>
    </Filter>
    <Filter Include="Game Files\GameObjects\Buildings">
      <UniqueIdentifier>{0e2dc92b-d323-40ba-ba16-eb95ae31e528}</UniqueIdentifier>
    </Filter>
  </ItemGroup>
  <ItemGroup>
    <ClCompile Include="pch.cpp">
      <Filter>Framework Files</Filter>
    </ClCompile>
    <ClCompile Include="Core.cpp">
      <Filter>Framework Files</Filter>
    </ClCompile>
    <ClCompile Include="main.cpp">
      <Filter>Framework Files</Filter>
    </ClCompile>
    <ClCompile Include="Matrix2x3.cpp">
      <Filter>Framework Files</Filter>
    </ClCompile>
    <ClCompile Include="SoundEffect.cpp">
      <Filter>Framework Files</Filter>
    </ClCompile>
    <ClCompile Include="SoundStream.cpp">
      <Filter>Framework Files</Filter>
    </ClCompile>
    <ClCompile Include="structs.cpp">
      <Filter>Framework Files</Filter>
    </ClCompile>
    <ClCompile Include="SVGParser.cpp">
      <Filter>Framework Files</Filter>
    </ClCompile>
    <ClCompile Include="Texture.cpp">
      <Filter>Framework Files</Filter>
    </ClCompile>
    <ClCompile Include="utils.cpp">
      <Filter>Framework Files</Filter>
    </ClCompile>
    <ClCompile Include="Vector2f.cpp">
      <Filter>Framework Files</Filter>
    </ClCompile>
    <ClCompile Include="Vector3f.cpp">
      <Filter>Framework Files</Filter>
    </ClCompile>
    <ClCompile Include="GameObject.cpp">
      <Filter>Game Files\GameObjects</Filter>
    </ClCompile>
    <ClCompile Include="Unit.cpp">
      <Filter>Game Files\GameObjects\Units</Filter>
    </ClCompile>
    <ClCompile Include="Game.cpp">
      <Filter>Game Files</Filter>
    </ClCompile>
    <ClCompile Include="SelectionRect.cpp">
      <Filter>Framework Files</Filter>
    </ClCompile>
    <ClCompile Include="PatrolPoints.cpp">
      <Filter>Game Files\Misc</Filter>
    </ClCompile>
    <ClCompile Include="Buidling.cpp">
      <Filter>Framework Files</Filter>
    </ClCompile>
  </ItemGroup>
  <ItemGroup>
    <ClInclude Include="Game.h">
      <Filter>Game Files</Filter>
    </ClInclude>
    <ClInclude Include="GameObject.h">
      <Filter>Game Files\GameObjects</Filter>
    </ClInclude>
    <ClInclude Include="Unit.h">
      <Filter>Game Files\GameObjects\Units</Filter>
    </ClInclude>
    <ClInclude Include="SoundEffect.h">
      <Filter>Framework Files</Filter>
    </ClInclude>
    <ClInclude Include="SoundStream.h">
      <Filter>Framework Files</Filter>
    </ClInclude>
    <ClInclude Include="Core.h">
      <Filter>Framework Files</Filter>
    </ClInclude>
    <ClInclude Include="Matrix2x3.h">
      <Filter>Framework Files</Filter>
    </ClInclude>
    <ClInclude Include="pch.h">
      <Filter>Framework Files</Filter>
    </ClInclude>
    <ClInclude Include="structs.h">
      <Filter>Framework Files</Filter>
    </ClInclude>
    <ClInclude Include="SVGParser.h">
      <Filter>Framework Files</Filter>
    </ClInclude>
    <ClInclude Include="Texture.h">
      <Filter>Framework Files</Filter>
    </ClInclude>
    <ClInclude Include="utils.h">
      <Filter>Framework Files</Filter>
    </ClInclude>
    <ClInclude Include="Vector2f.h">
      <Filter>Framework Files</Filter>
    </ClInclude>
    <ClInclude Include="Vector3f.h">
      <Filter>Framework Files</Filter>
    </ClInclude>
    <ClInclude Include="SelectionRect.h">
      <Filter>Framework Files</Filter>
    </ClInclude>
    <ClInclude Include="PatrolPoints.h">
      <Filter>Game Files\Misc</Filter>
    </ClInclude>
    <ClInclude Include="Buidling.h">
      <Filter>Game Files</Filter>
    </ClInclude>
  </ItemGroup>
</Project>