
Microsoft Visual Studio Solution File, Format Version 12.00
# Visual Studio Version 17
VisualStudioVersion = 17.3.32901.215
MinimumVisualStudioVersion = 10.0.40219.1
Project("{888888A0-9F3D-457C-B088-3A5042F75D52}") = "IntakeTestPython", "IntakeTestPython.pyproj", "{D92AB939-9AB0-47FC-9DB5-D949B0383830}"
EndProject
Global
	GlobalSection(SolutionConfigurationPlatforms) = preSolution
		Debug|Any CPU = Debug|Any CPU
		Release|Any CPU = Release|Any CPU
	EndGlobalSection
	GlobalSection(ProjectConfigurationPlatforms) = postSolution
		{D92AB939-9AB0-47FC-9DB5-D949B0383830}.Debug|Any CPU.ActiveCfg = Debug|Any CPU
		{D92AB939-9AB0-47FC-9DB5-D949B0383830}.Release|Any CPU.ActiveCfg = Release|Any CPU
	EndGlobalSection
	GlobalSection(SolutionProperties) = preSolution
		HideSolutionNode = FALSE
	EndGlobalSection
	GlobalSection(ExtensibilityGlobals) = postSolution
		SolutionGuid = {685F9616-3374-495C-B0DD-9111322D6ABD}
	EndGlobalSection
EndGlobal
